
Microsoft Visual Studio Solution File, Format Version 12.00
# Visual Studio Version 17
VisualStudioVersion = 17.8.34330.188
MinimumVisualStudioVersion = 10.0.40219.1
Project("{FAE04EC0-301F-11D3-BF4B-00C04F79EFBC}") = "CourseProjectBugrina", "CourseProjectBugrina.csproj", "{5120A940-365C-4589-9724-CCDAFE80E630}"
EndProject
Global
	GlobalSection(SolutionConfigurationPlatforms) = preSolution
		Debug|Any CPU = Debug|Any CPU
		Release|Any CPU = Release|Any CPU
	EndGlobalSection
	GlobalSection(ProjectConfigurationPlatforms) = postSolution
		{5120A940-365C-4589-9724-CCDAFE80E630}.Debug|Any CPU.ActiveCfg = Debug|Any CPU
		{5120A940-365C-4589-9724-CCDAFE80E630}.Debug|Any CPU.Build.0 = Debug|Any CPU
		{5120A940-365C-4589-9724-CCDAFE80E630}.Release|Any CPU.ActiveCfg = Release|Any CPU
		{5120A940-365C-4589-9724-CCDAFE80E630}.Release|Any CPU.Build.0 = Release|Any CPU
	EndGlobalSection
	GlobalSection(SolutionProperties) = preSolution
		HideSolutionNode = FALSE
	EndGlobalSection
	GlobalSection(ExtensibilityGlobals) = postSolution
		SolutionGuid = {0EA466BE-2FBA-4998-AF62-D3927184AF9B}
	EndGlobalSection
EndGlobal
